// !$*UTF8*$!
{
	archiveVersion = 1;
	classes = {
	};
	objectVersion = 56;
	objects = {

/* Begin PBXBuildFile section */
		B31D61982A0AA5B50077A8CF /* AniMusicApp.swift in Sources */ = {isa = PBXBuildFile; fileRef = B31D61972A0AA5B50077A8CF /* AniMusicApp.swift */; };
		B31D619A2A0AA5B50077A8CF /* ContentView.swift in Sources */ = {isa = PBXBuildFile; fileRef = B31D61992A0AA5B50077A8CF /* ContentView.swift */; };
		B31D619C2A0AA5B60077A8CF /* Assets.xcassets in Resources */ = {isa = PBXBuildFile; fileRef = B31D619B2A0AA5B60077A8CF /* Assets.xcassets */; };
		B31D619F2A0AA5B60077A8CF /* Preview Assets.xcassets in Resources */ = {isa = PBXBuildFile; fileRef = B31D619E2A0AA5B60077A8CF /* Preview Assets.xcassets */; };
		B31D61A92A0AA5B60077A8CF /* AniMusicTests.swift in Sources */ = {isa = PBXBuildFile; fileRef = B31D61A82A0AA5B60077A8CF /* AniMusicTests.swift */; };
		B31D61B32A0AA5B60077A8CF /* AniMusicUITests.swift in Sources */ = {isa = PBXBuildFile; fileRef = B31D61B22A0AA5B60077A8CF /* AniMusicUITests.swift */; };
		B31D61B52A0AA5B60077A8CF /* AniMusicUITestsLaunchTests.swift in Sources */ = {isa = PBXBuildFile; fileRef = B31D61B42A0AA5B60077A8CF /* AniMusicUITestsLaunchTests.swift */; };
/* End PBXBuildFile section */

/* Begin PBXContainerItemProxy section */
		B31D61A52A0AA5B60077A8CF /* PBXContainerItemProxy */ = {
			isa = PBXContainerItemProxy;
			containerPortal = B31D618C2A0AA5B50077A8CF /* Project object */;
			proxyType = 1;
			remoteGlobalIDString = B31D61932A0AA5B50077A8CF;
			remoteInfo = AniMusic;
		};
		B31D61AF2A0AA5B60077A8CF /* PBXContainerItemProxy */ = {
			isa = PBXContainerItemProxy;
			containerPortal = B31D618C2A0AA5B50077A8CF /* Project object */;
			proxyType = 1;
			remoteGlobalIDString = B31D61932A0AA5B50077A8CF;
			remoteInfo = AniMusic;
		};
/* End PBXContainerItemProxy section */

/* Begin PBXFileReference section */
		B31D61942A0AA5B50077A8CF /* AniMusic.app */ = {isa = PBXFileReference; explicitFileType = wrapper.application; includeInIndex = 0; path = AniMusic.app; sourceTree = BUILT_PRODUCTS_DIR; };
		B31D61972A0AA5B50077A8CF /* AniMusicApp.swift */ = {isa = PBXFileReference; lastKnownFileType = sourcecode.swift; path = AniMusicApp.swift; sourceTree = "<group>"; };
		B31D61992A0AA5B50077A8CF /* ContentView.swift */ = {isa = PBXFileReference; lastKnownFileType = sourcecode.swift; path = ContentView.swift; sourceTree = "<group>"; };
		B31D619B2A0AA5B60077A8CF /* Assets.xcassets */ = {isa = PBXFileReference; lastKnownFileType = folder.assetcatalog; path = Assets.xcassets; sourceTree = "<group>"; };
		B31D619E2A0AA5B60077A8CF /* Preview Assets.xcassets */ = {isa = PBXFileReference; lastKnownFileType = folder.assetcatalog; path = "Preview Assets.xcassets"; sourceTree = "<group>"; };
		B31D61A42A0AA5B60077A8CF /* AniMusicTests.xctest */ = {isa = PBXFileReference; explicitFileType = wrapper.cfbundle; includeInIndex = 0; path = AniMusicTests.xctest; sourceTree = BUILT_PRODUCTS_DIR; };
		B31D61A82A0AA5B60077A8CF /* AniMusicTests.swift */ = {isa = PBXFileReference; lastKnownFileType = sourcecode.swift; path = AniMusicTests.swift; sourceTree = "<group>"; };
		B31D61AE2A0AA5B60077A8CF /* AniMusicUITests.xctest */ = {isa = PBXFileReference; explicitFileType = wrapper.cfbundle; includeInIndex = 0; path = AniMusicUITests.xctest; sourceTree = BUILT_PRODUCTS_DIR; };
		B31D61B22A0AA5B60077A8CF /* AniMusicUITests.swift */ = {isa = PBXFileReference; lastKnownFileType = sourcecode.swift; path = AniMusicUITests.swift; sourceTree = "<group>"; };
		B31D61B42A0AA5B60077A8CF /* AniMusicUITestsLaunchTests.swift */ = {isa = PBXFileReference; lastKnownFileType = sourcecode.swift; path = AniMusicUITestsLaunchTests.swift; sourceTree = "<group>"; };
/* End PBXFileReference section */

/* Begin PBXFrameworksBuildPhase section */
		B31D61912A0AA5B50077A8CF /* Frameworks */ = {
			isa = PBXFrameworksBuildPhase;
			buildActionMask = 2147483647;
			files = (
			);
			runOnlyForDeploymentPostprocessing = 0;
		};
		B31D61A12A0AA5B60077A8CF /* Frameworks */ = {
			isa = PBXFrameworksBuildPhase;
			buildActionMask = 2147483647;
			files = (
			);
			runOnlyForDeploymentPostprocessing = 0;
		};
		B31D61AB2A0AA5B60077A8CF /* Frameworks */ = {
			isa = PBXFrameworksBuildPhase;
			buildActionMask = 2147483647;
			files = (
			);
			runOnlyForDeploymentPostprocessing = 0;
		};
/* End PBXFrameworksBuildPhase section */

/* Begin PBXGroup section */
		B31D618B2A0AA5B50077A8CF = {
			isa = PBXGroup;
			children = (
				B31D61962A0AA5B50077A8CF /* AniMusic */,
				B31D61A72A0AA5B60077A8CF /* AniMusicTests */,
				B31D61B12A0AA5B60077A8CF /* AniMusicUITests */,
				B31D61952A0AA5B50077A8CF /* Products */,
			);
			sourceTree = "<group>";
		};
		B31D61952A0AA5B50077A8CF /* Products */ = {
			isa = PBXGroup;
			children = (
				B31D61942A0AA5B50077A8CF /* AniMusic.app */,
				B31D61A42A0AA5B60077A8CF /* AniMusicTests.xctest */,
				B31D61AE2A0AA5B60077A8CF /* AniMusicUITests.xctest */,
			);
			name = Products;
			sourceTree = "<group>";
		};
		B31D61962A0AA5B50077A8CF /* AniMusic */ = {
			isa = PBXGroup;
			children = (
				B31D61972A0AA5B50077A8CF /* AniMusicApp.swift */,
				B31D61992A0AA5B50077A8CF /* ContentView.swift */,
				B31D619B2A0AA5B60077A8CF /* Assets.xcassets */,
				B31D619D2A0AA5B60077A8CF /* Preview Content */,
			);
			path = AniMusic;
			sourceTree = "<group>";
		};
		B31D619D2A0AA5B60077A8CF /* Preview Content */ = {
			isa = PBXGroup;
			children = (
				B31D619E2A0AA5B60077A8CF /* Preview Assets.xcassets */,
			);
			path = "Preview Content";
			sourceTree = "<group>";
		};
		B31D61A72A0AA5B60077A8CF /* AniMusicTests */ = {
			isa = PBXGroup;
			children = (
				B31D61A82A0AA5B60077A8CF /* AniMusicTests.swift */,
			);
			path = AniMusicTests;
			sourceTree = "<group>";
		};
		B31D61B12A0AA5B60077A8CF /* AniMusicUITests */ = {
			isa = PBXGroup;
			children = (
				B31D61B22A0AA5B60077A8CF /* AniMusicUITests.swift */,
				B31D61B42A0AA5B60077A8CF /* AniMusicUITestsLaunchTests.swift */,
			);
			path = AniMusicUITests;
			sourceTree = "<group>";
		};
/* End PBXGroup section */

/* Begin PBXNativeTarget section */
		B31D61932A0AA5B50077A8CF /* AniMusic */ = {
			isa = PBXNativeTarget;
			buildConfigurationList = B31D61B82A0AA5B60077A8CF /* Build configuration list for PBXNativeTarget "AniMusic" */;
			buildPhases = (
				B31D61902A0AA5B50077A8CF /* Sources */,
				B31D61912A0AA5B50077A8CF /* Frameworks */,
				B31D61922A0AA5B50077A8CF /* Resources */,
			);
			buildRules = (
			);
			dependencies = (
			);
			name = AniMusic;
			productName = AniMusic;
			productReference = B31D61942A0AA5B50077A8CF /* AniMusic.app */;
			productType = "com.apple.product-type.application";
		};
		B31D61A32A0AA5B60077A8CF /* AniMusicTests */ = {
			isa = PBXNativeTarget;
			buildConfigurationList = B31D61BB2A0AA5B60077A8CF /* Build configuration list for PBXNativeTarget "AniMusicTests" */;
			buildPhases = (
				B31D61A02A0AA5B60077A8CF /* Sources */,
				B31D61A12A0AA5B60077A8CF /* Frameworks */,
				B31D61A22A0AA5B60077A8CF /* Resources */,
			);
			buildRules = (
			);
			dependencies = (
				B31D61A62A0AA5B60077A8CF /* PBXTargetDependency */,
			);
			name = AniMusicTests;
			productName = AniMusicTests;
			productReference = B31D61A42A0AA5B60077A8CF /* AniMusicTests.xctest */;
			productType = "com.apple.product-type.bundle.unit-test";
		};
		B31D61AD2A0AA5B60077A8CF /* AniMusicUITests */ = {
			isa = PBXNativeTarget;
			buildConfigurationList = B31D61BE2A0AA5B60077A8CF /* Build configuration list for PBXNativeTarget "AniMusicUITests" */;
			buildPhases = (
				B31D61AA2A0AA5B60077A8CF /* Sources */,
				B31D61AB2A0AA5B60077A8CF /* Frameworks */,
				B31D61AC2A0AA5B60077A8CF /* Resources */,
			);
			buildRules = (
			);
			dependencies = (
				B31D61B02A0AA5B60077A8CF /* PBXTargetDependency */,
			);
			name = AniMusicUITests;
			productName = AniMusicUITests;
			productReference = B31D61AE2A0AA5B60077A8CF /* AniMusicUITests.xctest */;
			productType = "com.apple.product-type.bundle.ui-testing";
		};
/* End PBXNativeTarget section */

/* Begin PBXProject section */
		B31D618C2A0AA5B50077A8CF /* Project object */ = {
			isa = PBXProject;
			attributes = {
				BuildIndependentTargetsInParallel = 1;
				LastSwiftUpdateCheck = 1430;
				LastUpgradeCheck = 1430;
				TargetAttributes = {
					B31D61932A0AA5B50077A8CF = {
						CreatedOnToolsVersion = 14.3;
					};
					B31D61A32A0AA5B60077A8CF = {
						CreatedOnToolsVersion = 14.3;
						TestTargetID = B31D61932A0AA5B50077A8CF;
					};
					B31D61AD2A0AA5B60077A8CF = {
						CreatedOnToolsVersion = 14.3;
						TestTargetID = B31D61932A0AA5B50077A8CF;
					};
				};
			};
			buildConfigurationList = B31D618F2A0AA5B50077A8CF /* Build configuration list for PBXProject "AniMusic" */;
			compatibilityVersion = "Xcode 14.0";
			developmentRegion = en;
			hasScannedForEncodings = 0;
			knownRegions = (
				en,
				Base,
			);
			mainGroup = B31D618B2A0AA5B50077A8CF;
			productRefGroup = B31D61952A0AA5B50077A8CF /* Products */;
			projectDirPath = "";
			projectRoot = "";
			targets = (
				B31D61932A0AA5B50077A8CF /* AniMusic */,
				B31D61A32A0AA5B60077A8CF /* AniMusicTests */,
				B31D61AD2A0AA5B60077A8CF /* AniMusicUITests */,
			);
		};
/* End PBXProject section */

/* Begin PBXResourcesBuildPhase section */
		B31D61922A0AA5B50077A8CF /* Resources */ = {
			isa = PBXResourcesBuildPhase;
			buildActionMask = 2147483647;
			files = (
				B31D619F2A0AA5B60077A8CF /* Preview Assets.xcassets in Resources */,
				B31D619C2A0AA5B60077A8CF /* Assets.xcassets in Resources */,
			);
			runOnlyForDeploymentPostprocessing = 0;
		};
		B31D61A22A0AA5B60077A8CF /* Resources */ = {
			isa = PBXResourcesBuildPhase;
			buildActionMask = 2147483647;
			files = (
			);
			runOnlyForDeploymentPostprocessing = 0;
		};
		B31D61AC2A0AA5B60077A8CF /* Resources */ = {
			isa = PBXResourcesBuildPhase;
			buildActionMask = 2147483647;
			files = (
			);
			runOnlyForDeploymentPostprocessing = 0;
		};
/* End PBXResourcesBuildPhase section */

/* Begin PBXSourcesBuildPhase section */
		B31D61902A0AA5B50077A8CF /* Sources */ = {
			isa = PBXSourcesBuildPhase;
			buildActionMask = 2147483647;
			files = (
				B31D619A2A0AA5B50077A8CF /* ContentView.swift in Sources */,
				B31D61982A0AA5B50077A8CF /* AniMusicApp.swift in Sources */,
			);
			runOnlyForDeploymentPostprocessing = 0;
		};
		B31D61A02A0AA5B60077A8CF /* Sources */ = {
			isa = PBXSourcesBuildPhase;
			buildActionMask = 2147483647;
			files = (
				B31D61A92A0AA5B60077A8CF /* AniMusicTests.swift in Sources */,
			);
			runOnlyForDeploymentPostprocessing = 0;
		};
		B31D61AA2A0AA5B60077A8CF /* Sources */ = {
			isa = PBXSourcesBuildPhase;
			buildActionMask = 2147483647;
			files = (
				B31D61B52A0AA5B60077A8CF /* AniMusicUITestsLaunchTests.swift in Sources */,
				B31D61B32A0AA5B60077A8CF /* AniMusicUITests.swift in Sources */,
			);
			runOnlyForDeploymentPostprocessing = 0;
		};
/* End PBXSourcesBuildPhase section */

/* Begin PBXTargetDependency section */
		B31D61A62A0AA5B60077A8CF /* PBXTargetDependency */ = {
			isa = PBXTargetDependency;
			target = B31D61932A0AA5B50077A8CF /* AniMusic */;
			targetProxy = B31D61A52A0AA5B60077A8CF /* PBXContainerItemProxy */;
		};
		B31D61B02A0AA5B60077A8CF /* PBXTargetDependency */ = {
			isa = PBXTargetDependency;
			target = B31D61932A0AA5B50077A8CF /* AniMusic */;
			targetProxy = B31D61AF2A0AA5B60077A8CF /* PBXContainerItemProxy */;
		};
/* End PBXTargetDependency section */

/* Begin XCBuildConfiguration section */
		B31D61B62A0AA5B60077A8CF /* Debug */ = {
			isa = XCBuildConfiguration;
			buildSettings = {
				ALWAYS_SEARCH_USER_PATHS = NO;
				CLANG_ANALYZER_NONNULL = YES;
				CLANG_ANALYZER_NUMBER_OBJECT_CONVERSION = YES_AGGRESSIVE;
				CLANG_CXX_LANGUAGE_STANDARD = "gnu++20";
				CLANG_ENABLE_MODULES = YES;
				CLANG_ENABLE_OBJC_ARC = YES;
				CLANG_ENABLE_OBJC_WEAK = YES;
				CLANG_WARN_BLOCK_CAPTURE_AUTORELEASING = YES;
				CLANG_WARN_BOOL_CONVERSION = YES;
				CLANG_WARN_COMMA = YES;
				CLANG_WARN_CONSTANT_CONVERSION = YES;
				CLANG_WARN_DEPRECATED_OBJC_IMPLEMENTATIONS = YES;
				CLANG_WARN_DIRECT_OBJC_ISA_USAGE = YES_ERROR;
				CLANG_WARN_DOCUMENTATION_COMMENTS = YES;
				CLANG_WARN_EMPTY_BODY = YES;
				CLANG_WARN_ENUM_CONVERSION = YES;
				CLANG_WARN_INFINITE_RECURSION = YES;
				CLANG_WARN_INT_CONVERSION = YES;
				CLANG_WARN_NON_LITERAL_NULL_CONVERSION = YES;
				CLANG_WARN_OBJC_IMPLICIT_RETAIN_SELF = YES;
				CLANG_WARN_OBJC_LITERAL_CONVERSION = YES;
				CLANG_WARN_OBJC_ROOT_CLASS = YES_ERROR;
				CLANG_WARN_QUOTED_INCLUDE_IN_FRAMEWORK_HEADER = YES;
				CLANG_WARN_RANGE_LOOP_ANALYSIS = YES;
				CLANG_WARN_STRICT_PROTOTYPES = YES;
				CLANG_WARN_SUSPICIOUS_MOVE = YES;
				CLANG_WARN_UNGUARDED_AVAILABILITY = YES_AGGRESSIVE;
				CLANG_WARN_UNREACHABLE_CODE = YES;
				CLANG_WARN__DUPLICATE_METHOD_MATCH = YES;
				COPY_PHASE_STRIP = NO;
				DEBUG_INFORMATION_FORMAT = dwarf;
				ENABLE_STRICT_OBJC_MSGSEND = YES;
				ENABLE_TESTABILITY = YES;
				GCC_C_LANGUAGE_STANDARD = gnu11;
				GCC_DYNAMIC_NO_PIC = NO;
				GCC_NO_COMMON_BLOCKS = YES;
				GCC_OPTIMIZATION_LEVEL = 0;
				GCC_PREPROCESSOR_DEFINITIONS = (
					"DEBUG=1",
					"$(inherited)",
				);
				GCC_WARN_64_TO_32_BIT_CONVERSION = YES;
				GCC_WARN_ABOUT_RETURN_TYPE = YES_ERROR;
				GCC_WARN_UNDECLARED_SELECTOR = YES;
				GCC_WARN_UNINITIALIZED_AUTOS = YES_AGGRESSIVE;
				GCC_WARN_UNUSED_FUNCTION = YES;
				GCC_WARN_UNUSED_VARIABLE = YES;
				IPHONEOS_DEPLOYMENT_TARGET = 16.4;
				MTL_ENABLE_DEBUG_INFO = INCLUDE_SOURCE;
				MTL_FAST_MATH = YES;
				ONLY_ACTIVE_ARCH = YES;
				SDKROOT = iphoneos;
				SWIFT_ACTIVE_COMPILATION_CONDITIONS = DEBUG;
				SWIFT_OPTIMIZATION_LEVEL = "-Onone";
			};
			name = Debug;
		};
		B31D61B72A0AA5B60077A8CF /* Release */ = {
			isa = XCBuildConfiguration;
			buildSettings = {
				ALWAYS_SEARCH_USER_PATHS = NO;
				CLANG_ANALYZER_NONNULL = YES;
				CLANG_ANALYZER_NUMBER_OBJECT_CONVERSION = YES_AGGRESSIVE;
				CLANG_CXX_LANGUAGE_STANDARD = "gnu++20";
				CLANG_ENABLE_MODULES = YES;
				CLANG_ENABLE_OBJC_ARC = YES;
				CLANG_ENABLE_OBJC_WEAK = YES;
				CLANG_WARN_BLOCK_CAPTURE_AUTORELEASING = YES;
				CLANG_WARN_BOOL_CONVERSION = YES;
				CLANG_WARN_COMMA = YES;
				CLANG_WARN_CONSTANT_CONVERSION = YES;
				CLANG_WARN_DEPRECATED_OBJC_IMPLEMENTATIONS = YES;
				CLANG_WARN_DIRECT_OBJC_ISA_USAGE = YES_ERROR;
				CLANG_WARN_DOCUMENTATION_COMMENTS = YES;
				CLANG_WARN_EMPTY_BODY = YES;
				CLANG_WARN_ENUM_CONVERSION = YES;
				CLANG_WARN_INFINITE_RECURSION = YES;
				CLANG_WARN_INT_CONVERSION = YES;
				CLANG_WARN_NON_LITERAL_NULL_CONVERSION = YES;
				CLANG_WARN_OBJC_IMPLICIT_RETAIN_SELF = YES;
				CLANG_WARN_OBJC_LITERAL_CONVERSION = YES;
				CLANG_WARN_OBJC_ROOT_CLASS = YES_ERROR;
				CLANG_WARN_QUOTED_INCLUDE_IN_FRAMEWORK_HEADER = YES;
				CLANG_WARN_RANGE_LOOP_ANALYSIS = YES;
				CLANG_WARN_STRICT_PROTOTYPES = YES;
				CLANG_WARN_SUSPICIOUS_MOVE = YES;
				CLANG_WARN_UNGUARDED_AVAILABILITY = YES_AGGRESSIVE;
				CLANG_WARN_UNREACHABLE_CODE = YES;
				CLANG_WARN__DUPLICATE_METHOD_MATCH = YES;
				COPY_PHASE_STRIP = NO;
				DEBUG_INFORMATION_FORMAT = "dwarf-with-dsym";
				ENABLE_NS_ASSERTIONS = NO;
				ENABLE_STRICT_OBJC_MSGSEND = YES;
				GCC_C_LANGUAGE_STANDARD = gnu11;
				GCC_NO_COMMON_BLOCKS = YES;
				GCC_WARN_64_TO_32_BIT_CONVERSION = YES;
				GCC_WARN_ABOUT_RETURN_TYPE = YES_ERROR;
				GCC_WARN_UNDECLARED_SELECTOR = YES;
				GCC_WARN_UNINITIALIZED_AUTOS = YES_AGGRESSIVE;
				GCC_WARN_UNUSED_FUNCTION = YES;
				GCC_WARN_UNUSED_VARIABLE = YES;
				IPHONEOS_DEPLOYMENT_TARGET = 16.4;
				MTL_ENABLE_DEBUG_INFO = NO;
				MTL_FAST_MATH = YES;
				SDKROOT = iphoneos;
				SWIFT_COMPILATION_MODE = wholemodule;
				SWIFT_OPTIMIZATION_LEVEL = "-O";
				VALIDATE_PRODUCT = YES;
			};
			name = Release;
		};
		B31D61B92A0AA5B60077A8CF /* Debug */ = {
			isa = XCBuildConfiguration;
			buildSettings = {
				ASSETCATALOG_COMPILER_APPICON_NAME = AppIcon;
				ASSETCATALOG_COMPILER_GLOBAL_ACCENT_COLOR_NAME = AccentColor;
				CODE_SIGN_STYLE = Automatic;
				CURRENT_PROJECT_VERSION = 1;
				DEVELOPMENT_ASSET_PATHS = "\"AniMusic/Preview Content\"";
				DEVELOPMENT_TEAM = XFG5L8LD8A;
				ENABLE_PREVIEWS = YES;
				GENERATE_INFOPLIST_FILE = YES;
				INFOPLIST_KEY_UIApplicationSceneManifest_Generation = YES;
				INFOPLIST_KEY_UIApplicationSupportsIndirectInputEvents = YES;
				INFOPLIST_KEY_UILaunchScreen_Generation = YES;
				INFOPLIST_KEY_UISupportedInterfaceOrientations_iPad = "UIInterfaceOrientationPortrait UIInterfaceOrientationPortraitUpsideDown UIInterfaceOrientationLandscapeLeft UIInterfaceOrientationLandscapeRight";
				INFOPLIST_KEY_UISupportedInterfaceOrientations_iPhone = "UIInterfaceOrientationPortrait UIInterfaceOrientationLandscapeLeft UIInterfaceOrientationLandscapeRight";
				LD_RUNPATH_SEARCH_PATHS = (
					"$(inherited)",
					"@executable_path/Frameworks",
				);
				MARKETING_VERSION = 1.0;
				PRODUCT_BUNDLE_IDENTIFIER = "TaeVon-Lewis.AniMusic";
				PRODUCT_NAME = "$(TARGET_NAME)";
				SWIFT_EMIT_LOC_STRINGS = YES;
				SWIFT_VERSION = 5.0;
				TARGETED_DEVICE_FAMILY = "1,2";
			};
			name = Debug;
		};
		B31D61BA2A0AA5B60077A8CF /* Release */ = {
			isa = XCBuildConfiguration;
			buildSettings = {
				ASSETCATALOG_COMPILER_APPICON_NAME = AppIcon;
				ASSETCATALOG_COMPILER_GLOBAL_ACCENT_COLOR_NAME = AccentColor;
				CODE_SIGN_STYLE = Automatic;
				CURRENT_PROJECT_VERSION = 1;
				DEVELOPMENT_ASSET_PATHS = "\"AniMusic/Preview Content\"";
				DEVELOPMENT_TEAM = XFG5L8LD8A;
				ENABLE_PREVIEWS = YES;
				GENERATE_INFOPLIST_FILE = YES;
				INFOPLIST_KEY_UIApplicationSceneManifest_Generation = YES;
				INFOPLIST_KEY_UIApplicationSupportsIndirectInputEvents = YES;
				INFOPLIST_KEY_UILaunchScreen_Generation = YES;
				INFOPLIST_KEY_UISupportedInterfaceOrientations_iPad = "UIInterfaceOrientationPortrait UIInterfaceOrientationPortraitUpsideDown UIInterfaceOrientationLandscapeLeft UIInterfaceOrientationLandscapeRight";
				INFOPLIST_KEY_UISupportedInterfaceOrientations_iPhone = "UIInterfaceOrientationPortrait UIInterfaceOrientationLandscapeLeft UIInterfaceOrientationLandscapeRight";
				LD_RUNPATH_SEARCH_PATHS = (
					"$(inherited)",
					"@executable_path/Frameworks",
				);
				MARKETING_VERSION = 1.0;
				PRODUCT_BUNDLE_IDENTIFIER = "TaeVon-Lewis.AniMusic";
				PRODUCT_NAME = "$(TARGET_NAME)";
				SWIFT_EMIT_LOC_STRINGS = YES;
				SWIFT_VERSION = 5.0;
				TARGETED_DEVICE_FAMILY = "1,2";
			};
			name = Release;
		};
		B31D61BC2A0AA5B60077A8CF /* Debug */ = {
			isa = XCBuildConfiguration;
			buildSettings = {
				ALWAYS_EMBED_SWIFT_STANDARD_LIBRARIES = YES;
				BUNDLE_LOADER = "$(TEST_HOST)";
				CODE_SIGN_STYLE = Automatic;
				CURRENT_PROJECT_VERSION = 1;
				DEVELOPMENT_TEAM = XFG5L8LD8A;
				GENERATE_INFOPLIST_FILE = YES;
				IPHONEOS_DEPLOYMENT_TARGET = 16.4;
				MARKETING_VERSION = 1.0;
				PRODUCT_BUNDLE_IDENTIFIER = "TaeVon-Lewis.AniMusicTests";
				PRODUCT_NAME = "$(TARGET_NAME)";
				SWIFT_EMIT_LOC_STRINGS = NO;
				SWIFT_VERSION = 5.0;
				TARGETED_DEVICE_FAMILY = "1,2";
				TEST_HOST = "$(BUILT_PRODUCTS_DIR)/AniMusic.app/$(BUNDLE_EXECUTABLE_FOLDER_PATH)/AniMusic";
			};
			name = Debug;
		};
		B31D61BD2A0AA5B60077A8CF /* Release */ = {
			isa = XCBuildConfiguration;
			buildSettings = {
				ALWAYS_EMBED_SWIFT_STANDARD_LIBRARIES = YES;
				BUNDLE_LOADER = "$(TEST_HOST)";
				CODE_SIGN_STYLE = Automatic;
				CURRENT_PROJECT_VERSION = 1;
				DEVELOPMENT_TEAM = XFG5L8LD8A;
				GENERATE_INFOPLIST_FILE = YES;
				IPHONEOS_DEPLOYMENT_TARGET = 16.4;
				MARKETING_VERSION = 1.0;
				PRODUCT_BUNDLE_IDENTIFIER = "TaeVon-Lewis.AniMusicTests";
				PRODUCT_NAME = "$(TARGET_NAME)";
				SWIFT_EMIT_LOC_STRINGS = NO;
				SWIFT_VERSION = 5.0;
				TARGETED_DEVICE_FAMILY = "1,2";
				TEST_HOST = "$(BUILT_PRODUCTS_DIR)/AniMusic.app/$(BUNDLE_EXECUTABLE_FOLDER_PATH)/AniMusic";
			};
			name = Release;
		};
		B31D61BF2A0AA5B60077A8CF /* Debug */ = {
			isa = XCBuildConfiguration;
			buildSettings = {
				ALWAYS_EMBED_SWIFT_STANDARD_LIBRARIES = YES;
				CODE_SIGN_STYLE = Automatic;
				CURRENT_PROJECT_VERSION = 1;
				DEVELOPMENT_TEAM = XFG5L8LD8A;
				GENERATE_INFOPLIST_FILE = YES;
				MARKETING_VERSION = 1.0;
				PRODUCT_BUNDLE_IDENTIFIER = "TaeVon-Lewis.AniMusicUITests";
				PRODUCT_NAME = "$(TARGET_NAME)";
				SWIFT_EMIT_LOC_STRINGS = NO;
				SWIFT_VERSION = 5.0;
				TARGETED_DEVICE_FAMILY = "1,2";
				TEST_TARGET_NAME = AniMusic;
			};
			name = Debug;
		};
		B31D61C02A0AA5B60077A8CF /* Release */ = {
			isa = XCBuildConfiguration;
			buildSettings = {
				ALWAYS_EMBED_SWIFT_STANDARD_LIBRARIES = YES;
				CODE_SIGN_STYLE = Automatic;
				CURRENT_PROJECT_VERSION = 1;
				DEVELOPMENT_TEAM = XFG5L8LD8A;
				GENERATE_INFOPLIST_FILE = YES;
				MARKETING_VERSION = 1.0;
				PRODUCT_BUNDLE_IDENTIFIER = "TaeVon-Lewis.AniMusicUITests";
				PRODUCT_NAME = "$(TARGET_NAME)";
				SWIFT_EMIT_LOC_STRINGS = NO;
				SWIFT_VERSION = 5.0;
				TARGETED_DEVICE_FAMILY = "1,2";
				TEST_TARGET_NAME = AniMusic;
			};
			name = Release;
		};
/* End XCBuildConfiguration section */

/* Begin XCConfigurationList section */
		B31D618F2A0AA5B50077A8CF /* Build configuration list for PBXProject "AniMusic" */ = {
			isa = XCConfigurationList;
			buildConfigurations = (
				B31D61B62A0AA5B60077A8CF /* Debug */,
				B31D61B72A0AA5B60077A8CF /* Release */,
			);
			defaultConfigurationIsVisible = 0;
			defaultConfigurationName = Release;
		};
		B31D61B82A0AA5B60077A8CF /* Build configuration list for PBXNativeTarget "AniMusic" */ = {
			isa = XCConfigurationList;
			buildConfigurations = (
				B31D61B92A0AA5B60077A8CF /* Debug */,
				B31D61BA2A0AA5B60077A8CF /* Release */,
			);
			defaultConfigurationIsVisible = 0;
			defaultConfigurationName = Release;
		};
		B31D61BB2A0AA5B60077A8CF /* Build configuration list for PBXNativeTarget "AniMusicTests" */ = {
			isa = XCConfigurationList;
			buildConfigurations = (
				B31D61BC2A0AA5B60077A8CF /* Debug */,
				B31D61BD2A0AA5B60077A8CF /* Release */,
			);
			defaultConfigurationIsVisible = 0;
			defaultConfigurationName = Release;
		};
		B31D61BE2A0AA5B60077A8CF /* Build configuration list for PBXNativeTarget "AniMusicUITests" */ = {
			isa = XCConfigurationList;
			buildConfigurations = (
				B31D61BF2A0AA5B60077A8CF /* Debug */,
				B31D61C02A0AA5B60077A8CF /* Release */,
			);
			defaultConfigurationIsVisible = 0;
			defaultConfigurationName = Release;
		};
/* End XCConfigurationList section */
	};
	rootObject = B31D618C2A0AA5B50077A8CF /* Project object */;
}
